
Microsoft Visual Studio Solution File, Format Version 12.00
Project("{FAE04EC0-301F-11D3-BF4B-00C04F79EFBC}") = "BlogPublisher", "BlogPublisher\BlogPublisher.csproj", "{64A0105B-CD28-4D62-91A1-C58F07851223}"
EndProject
Global
	GlobalSection(SolutionConfigurationPlatforms) = preSolution
		Debug|Any CPU = Debug|Any CPU
		Release|Any CPU = Release|Any CPU
	EndGlobalSection
	GlobalSection(ProjectConfigurationPlatforms) = postSolution
		{64A0105B-CD28-4D62-91A1-C58F07851223}.Debug|Any CPU.ActiveCfg = Debug|Any CPU
		{64A0105B-CD28-4D62-91A1-C58F07851223}.Debug|Any CPU.Build.0 = Debug|Any CPU
		{64A0105B-CD28-4D62-91A1-C58F07851223}.Release|Any CPU.ActiveCfg = Release|Any CPU
		{64A0105B-CD28-4D62-91A1-C58F07851223}.Release|Any CPU.Build.0 = Release|Any CPU
	EndGlobalSection
EndGlobal
